
Microsoft Visual Studio Solution File, Format Version 12.00
# Visual Studio Version 17
VisualStudioVersion = 17.13.35825.156
MinimumVisualStudioVersion = 10.0.40219.1
Project("{FAE04EC0-301F-11D3-BF4B-00C04F79EFBC}") = "TaxCalculator.Application", "TaxCalculator.Application\TaxCalculator.Application.csproj", "{6C756598-CABA-4D84-A741-A60795BF39C7}"
EndProject
Project("{FAE04EC0-301F-11D3-BF4B-00C04F79EFBC}") = "TaxCalculator.Persistence", "TaxCalculator.Persistence\TaxCalculator.Persistence.csproj", "{BED0C275-010D-4953-B26E-916883C812E5}"
EndProject
Project("{FAE04EC0-301F-11D3-BF4B-00C04F79EFBC}") = "TaxCalculator.Application.Tests", "TaxCalculator.Application.Tests\TaxCalculator.Application.Tests.csproj", "{CAFAF96C-26BB-4794-B37E-3C995BA090D4}"
EndProject
Project("{FAE04EC0-301F-11D3-BF4B-00C04F79EFBC}") = "TaxCalculator.Api", "TaxCalculator.Api\TaxCalculator.Api.csproj", "{B28FE788-718F-C97C-FBF2-8C5637D6EBBF}"
EndProject
Project("{FAE04EC0-301F-11D3-BF4B-00C04F79EFBC}") = "TaxCalculator.Domain", "TaxCalculator.Domain\TaxCalculator.Domain.csproj", "{C27586B3-887E-ED99-6924-A0BC34A3A19D}"
EndProject
Global
	GlobalSection(SolutionConfigurationPlatforms) = preSolution
		Debug|Any CPU = Debug|Any CPU
		Release|Any CPU = Release|Any CPU
	EndGlobalSection
	GlobalSection(ProjectConfigurationPlatforms) = postSolution
		{6C756598-CABA-4D84-A741-A60795BF39C7}.Debug|Any CPU.ActiveCfg = Debug|Any CPU
		{6C756598-CABA-4D84-A741-A60795BF39C7}.Debug|Any CPU.Build.0 = Debug|Any CPU
		{6C756598-CABA-4D84-A741-A60795BF39C7}.Release|Any CPU.ActiveCfg = Release|Any CPU
		{6C756598-CABA-4D84-A741-A60795BF39C7}.Release|Any CPU.Build.0 = Release|Any CPU
		{BED0C275-010D-4953-B26E-916883C812E5}.Debug|Any CPU.ActiveCfg = Debug|Any CPU
		{BED0C275-010D-4953-B26E-916883C812E5}.Debug|Any CPU.Build.0 = Debug|Any CPU
		{BED0C275-010D-4953-B26E-916883C812E5}.Release|Any CPU.ActiveCfg = Release|Any CPU
		{BED0C275-010D-4953-B26E-916883C812E5}.Release|Any CPU.Build.0 = Release|Any CPU
		{CAFAF96C-26BB-4794-B37E-3C995BA090D4}.Debug|Any CPU.ActiveCfg = Debug|Any CPU
		{CAFAF96C-26BB-4794-B37E-3C995BA090D4}.Debug|Any CPU.Build.0 = Debug|Any CPU
		{CAFAF96C-26BB-4794-B37E-3C995BA090D4}.Release|Any CPU.ActiveCfg = Release|Any CPU
		{CAFAF96C-26BB-4794-B37E-3C995BA090D4}.Release|Any CPU.Build.0 = Release|Any CPU
		{B28FE788-718F-C97C-FBF2-8C5637D6EBBF}.Debug|Any CPU.ActiveCfg = Debug|Any CPU
		{B28FE788-718F-C97C-FBF2-8C5637D6EBBF}.Debug|Any CPU.Build.0 = Debug|Any CPU
		{B28FE788-718F-C97C-FBF2-8C5637D6EBBF}.Release|Any CPU.ActiveCfg = Release|Any CPU
		{B28FE788-718F-C97C-FBF2-8C5637D6EBBF}.Release|Any CPU.Build.0 = Release|Any CPU
		{C27586B3-887E-ED99-6924-A0BC34A3A19D}.Debug|Any CPU.ActiveCfg = Debug|Any CPU
		{C27586B3-887E-ED99-6924-A0BC34A3A19D}.Debug|Any CPU.Build.0 = Debug|Any CPU
		{C27586B3-887E-ED99-6924-A0BC34A3A19D}.Release|Any CPU.ActiveCfg = Release|Any CPU
		{C27586B3-887E-ED99-6924-A0BC34A3A19D}.Release|Any CPU.Build.0 = Release|Any CPU
	EndGlobalSection
	GlobalSection(SolutionProperties) = preSolution
		HideSolutionNode = FALSE
	EndGlobalSection
	GlobalSection(ExtensibilityGlobals) = postSolution
		SolutionGuid = {50B04258-0A08-4969-9138-C08793199D43}
	EndGlobalSection
EndGlobal
